
Microsoft Visual Studio Solution File, Format Version 12.00
# Visual Studio Version 18
VisualStudioVersion = 18.5.11801.241 oobstable
MinimumVisualStudioVersion = 10.0.40219.1
Project("{FAE04EC0-301F-11D3-BF4B-00C04F79EFBC}") = "KB18289_IgbDataChart_Tooltip", "KB18289_IgbDataChart_Tooltip.csproj", "{EE61DDD0-24C2-4B41-8C7C-8E3A3D4B2DDC}"
EndProject
Global
	GlobalSection(SolutionConfigurationPlatforms) = preSolution
		Debug|Any CPU = Debug|Any CPU
		Release|Any CPU = Release|Any CPU
	EndGlobalSection
	GlobalSection(ProjectConfigurationPlatforms) = postSolution
		{EE61DDD0-24C2-4B41-8C7C-8E3A3D4B2DDC}.Debug|Any CPU.ActiveCfg = Debug|Any CPU
		{EE61DDD0-24C2-4B41-8C7C-8E3A3D4B2DDC}.Debug|Any CPU.Build.0 = Debug|Any CPU
		{EE61DDD0-24C2-4B41-8C7C-8E3A3D4B2DDC}.Release|Any CPU.ActiveCfg = Release|Any CPU
		{EE61DDD0-24C2-4B41-8C7C-8E3A3D4B2DDC}.Release|Any CPU.Build.0 = Release|Any CPU
	EndGlobalSection
	GlobalSection(SolutionProperties) = preSolution
		HideSolutionNode = FALSE
	EndGlobalSection
	GlobalSection(ExtensibilityGlobals) = postSolution
		SolutionGuid = {9E257A5E-9739-4611-9798-D19F7E36F49F}
	EndGlobalSection
EndGlobal
